# This file is automatically @generated by Cargo.
# It is not intended for manual editing.
version = 3

[[package]]
name = "soft-cli"
version = "0.1.0"
dependencies = [
 "soft-compiler",
 "soft-runtime",
]

[[package]]
name = "soft-compiler"
version = "0.1.0"

[[package]]
name = "soft-runtime"
version = "0.1.0"
